
Microsoft Visual Studio Solution File, Format Version 12.00
# Visual Studio Version 17
VisualStudioVersion = 17.7.34018.315
MinimumVisualStudioVersion = 10.0.40219.1
Project("{FAE04EC0-301F-11D3-BF4B-00C04F79EFBC}") = "TestGitBash", "TestGitBash\TestGitBash.csproj", "{23F67B38-AA79-4DB7-B223-1BB9B02920A4}"
EndProject
Global
	GlobalSection(SolutionConfigurationPlatforms) = preSolution
		Debug|Any CPU = Debug|Any CPU
		Release|Any CPU = Release|Any CPU
	EndGlobalSection
	GlobalSection(ProjectConfigurationPlatforms) = postSolution
		{23F67B38-AA79-4DB7-B223-1BB9B02920A4}.Debug|Any CPU.ActiveCfg = Debug|Any CPU
		{23F67B38-AA79-4DB7-B223-1BB9B02920A4}.Debug|Any CPU.Build.0 = Debug|Any CPU
		{23F67B38-AA79-4DB7-B223-1BB9B02920A4}.Release|Any CPU.ActiveCfg = Release|Any CPU
		{23F67B38-AA79-4DB7-B223-1BB9B02920A4}.Release|Any CPU.Build.0 = Release|Any CPU
	EndGlobalSection
	GlobalSection(SolutionProperties) = preSolution
		HideSolutionNode = FALSE
	EndGlobalSection
	GlobalSection(ExtensibilityGlobals) = postSolution
		SolutionGuid = {68A99897-C495-4E4B-85DA-4D3A3CE1C4AF}
	EndGlobalSection
EndGlobal
